
Microsoft Visual Studio Solution File, Format Version 12.00
# Visual Studio Version 17
VisualStudioVersion = 17.9.34622.214
MinimumVisualStudioVersion = 10.0.40219.1
Project("{FAE04EC0-301F-11D3-BF4B-00C04F79EFBC}") = "semana 10", "semana 10\semana 10.csproj", "{4C02B19E-03C7-48A2-B5BB-4AB2F841B03C}"
EndProject
Global
	GlobalSection(SolutionConfigurationPlatforms) = preSolution
		Debug|Any CPU = Debug|Any CPU
		Release|Any CPU = Release|Any CPU
	EndGlobalSection
	GlobalSection(ProjectConfigurationPlatforms) = postSolution
		{4C02B19E-03C7-48A2-B5BB-4AB2F841B03C}.Debug|Any CPU.ActiveCfg = Debug|Any CPU
		{4C02B19E-03C7-48A2-B5BB-4AB2F841B03C}.Debug|Any CPU.Build.0 = Debug|Any CPU
		{4C02B19E-03C7-48A2-B5BB-4AB2F841B03C}.Release|Any CPU.ActiveCfg = Release|Any CPU
		{4C02B19E-03C7-48A2-B5BB-4AB2F841B03C}.Release|Any CPU.Build.0 = Release|Any CPU
	EndGlobalSection
	GlobalSection(SolutionProperties) = preSolution
		HideSolutionNode = FALSE
	EndGlobalSection
	GlobalSection(ExtensibilityGlobals) = postSolution
		SolutionGuid = {F116DA65-6DB8-4B77-9998-AC363DF7C859}
	EndGlobalSection
EndGlobal
